
Microsoft Visual Studio Solution File, Format Version 12.00
# Visual Studio Version 17
VisualStudioVersion = 17.4.33122.133
MinimumVisualStudioVersion = 10.0.40219.1
Project("{9A19103F-16F7-4668-BE54-9A1E7A4F7556}") = "Frontend.Module", "Frontend.Module\Frontend.Module.csproj", "{6289D039-E095-4C78-8B55-CD6D2869F5FF}"
EndProject
Project("{9A19103F-16F7-4668-BE54-9A1E7A4F7556}") = "Frontend.Blazor.Server", "Frontend.Blazor.Server\Frontend.Blazor.Server.csproj", "{B9731679-BBE9-4988-AC3F-61726FFA2AF7}"
EndProject
Project("{9A19103F-16F7-4668-BE54-9A1E7A4F7556}") = "Domain", "Domain\Domain.csproj", "{D7AE6D9B-E52D-4463-AFB2-711520484580}"
EndProject
Global
	GlobalSection(SolutionConfigurationPlatforms) = preSolution
		Debug|Any CPU = Debug|Any CPU
		EasyTest|Any CPU = EasyTest|Any CPU
		Release|Any CPU = Release|Any CPU
	EndGlobalSection
	GlobalSection(ProjectConfigurationPlatforms) = postSolution
		{6289D039-E095-4C78-8B55-CD6D2869F5FF}.Debug|Any CPU.ActiveCfg = Debug|Any CPU
		{6289D039-E095-4C78-8B55-CD6D2869F5FF}.Debug|Any CPU.Build.0 = Debug|Any CPU
		{6289D039-E095-4C78-8B55-CD6D2869F5FF}.EasyTest|Any CPU.ActiveCfg = EasyTest|Any CPU
		{6289D039-E095-4C78-8B55-CD6D2869F5FF}.EasyTest|Any CPU.Build.0 = EasyTest|Any CPU
		{6289D039-E095-4C78-8B55-CD6D2869F5FF}.Release|Any CPU.ActiveCfg = Release|Any CPU
		{6289D039-E095-4C78-8B55-CD6D2869F5FF}.Release|Any CPU.Build.0 = Release|Any CPU
		{B9731679-BBE9-4988-AC3F-61726FFA2AF7}.Debug|Any CPU.ActiveCfg = Debug|Any CPU
		{B9731679-BBE9-4988-AC3F-61726FFA2AF7}.Debug|Any CPU.Build.0 = Debug|Any CPU
		{B9731679-BBE9-4988-AC3F-61726FFA2AF7}.EasyTest|Any CPU.ActiveCfg = EasyTest|Any CPU
		{B9731679-BBE9-4988-AC3F-61726FFA2AF7}.EasyTest|Any CPU.Build.0 = EasyTest|Any CPU
		{B9731679-BBE9-4988-AC3F-61726FFA2AF7}.Release|Any CPU.ActiveCfg = Release|Any CPU
		{B9731679-BBE9-4988-AC3F-61726FFA2AF7}.Release|Any CPU.Build.0 = Release|Any CPU
		{D7AE6D9B-E52D-4463-AFB2-711520484580}.Debug|Any CPU.ActiveCfg = Debug|Any CPU
		{D7AE6D9B-E52D-4463-AFB2-711520484580}.Debug|Any CPU.Build.0 = Debug|Any CPU
		{D7AE6D9B-E52D-4463-AFB2-711520484580}.EasyTest|Any CPU.ActiveCfg = EasyTest|Any CPU
		{D7AE6D9B-E52D-4463-AFB2-711520484580}.EasyTest|Any CPU.Build.0 = EasyTest|Any CPU
		{D7AE6D9B-E52D-4463-AFB2-711520484580}.Release|Any CPU.ActiveCfg = Release|Any CPU
		{D7AE6D9B-E52D-4463-AFB2-711520484580}.Release|Any CPU.Build.0 = Release|Any CPU
	EndGlobalSection
	GlobalSection(SolutionProperties) = preSolution
		HideSolutionNode = FALSE
	EndGlobalSection
	GlobalSection(ExtensibilityGlobals) = postSolution
		SolutionGuid = {6065553D-A2BB-4F12-9ABA-E4467D3310F9}
	EndGlobalSection
EndGlobal
